{
  "requires": true,
  "lockfileVersion": 1,
  "dependencies": {
    "all": {
      "version": "0.0.0",
      "resolved": "https://registry.npmjs.org/all/-/all-0.0.0.tgz",
      "integrity": "sha1-+yqnXUdZ1A457LsRj6vwzBH/VU8="
    },
    "jquery": {
      "version": "3.6.0",
      "resolved": "https://registry.npmjs.org/jquery/-/jquery-3.6.0.tgz",
      "integrity": "sha512-JVzAR/AjBvVt2BmYhxRCSYysDsPcssdmTFnzyLEts9qNwmjmu4JTAMYubEfwVOSwpQ1I1sKKFcxhZCI2buerfw=="
    },
    "lorem-picsum": {
      "version": "1.0.0",
      "resolved": "https://registry.npmjs.org/lorem-picsum/-/lorem-picsum-1.0.0.tgz",
      "integrity": "sha512-wlX4JflX6HnyyK96rLC0jPdbIj73Jb0J2QmpJmmWxXnftTLkVn76uEdBDcLEQWlYwokrFpVNafIX93A7tWhE0w=="
    }
  }
}
